// !$*UTF8*$!
{
	archiveVersion = 1;
	classes = {
	};
	objectVersion = 46;
	objects = {

/* Begin PBXBuildFile section */
		38752FAD1B07EE6100AC7CF4 /* Cocoa.framework in Frameworks */ = {isa = PBXBuildFile; fileRef = 38752FAC1B07EE6100AC7CF4 /* Cocoa.framework */; };
		38752FB71B07EE6100AC7CF4 /* InfoPlist.strings in Resources */ = {isa = PBXBuildFile; fileRef = 38752FB51B07EE6100AC7CF4 /* InfoPlist.strings */; };
		38752FB91B07EE6100AC7CF4 /* main.m in Sources */ = {isa = PBXBuildFile; fileRef = 38752FB81B07EE6100AC7CF4 /* main.m */; };
		38752FBD1B07EE6100AC7CF4 /* Credits.rtf in Resources */ = {isa = PBXBuildFile; fileRef = 38752FBB1B07EE6100AC7CF4 /* Credits.rtf */; };
		38752FC31B07EE6100AC7CF4 /* MainMenu.xib in Resources */ = {isa = PBXBuildFile; fileRef = 38752FC11B07EE6100AC7CF4 /* MainMenu.xib */; };
		38752FC51B07EE6100AC7CF4 /* Images.xcassets in Resources */ = {isa = PBXBuildFile; fileRef = 38752FC41B07EE6100AC7CF4 /* Images.xcassets */; };
		38752FCC1B07EE6100AC7CF4 /* XCTest.framework in Frameworks */ = {isa = PBXBuildFile; fileRef = 38752FCB1B07EE6100AC7CF4 /* XCTest.framework */; };
		38752FCD1B07EE6100AC7CF4 /* Cocoa.framework in Frameworks */ = {isa = PBXBuildFile; fileRef = 38752FAC1B07EE6100AC7CF4 /* Cocoa.framework */; };
		38752FD51B07EE6100AC7CF4 /* InfoPlist.strings in Resources */ = {isa = PBXBuildFile; fileRef = 38752FD31B07EE6100AC7CF4 /* InfoPlist.strings */; };
		38752FD71B07EE6100AC7CF4 /* ModNESTests.m in Sources */ = {isa = PBXBuildFile; fileRef = 38752FD61B07EE6100AC7CF4 /* ModNESTests.m */; };
		38752FE11B07EEFC00AC7CF4 /* OpenGL.framework in Frameworks */ = {isa = PBXBuildFile; fileRef = 38752FE01B07EEFC00AC7CF4 /* OpenGL.framework */; };
		38873EB11B48A85900CD51A1 /* Addressing.c in Sources */ = {isa = PBXBuildFile; fileRef = 38873EA41B48A85900CD51A1 /* Addressing.c */; };
		38873EB21B48A85900CD51A1 /* Cpu6502.c in Sources */ = {isa = PBXBuildFile; fileRef = 38873EA51B48A85900CD51A1 /* Cpu6502.c */; };
		38873EB31B48A85900CD51A1 /* CpuStep.c in Sources */ = {isa = PBXBuildFile; fileRef = 38873EA71B48A85900CD51A1 /* CpuStep.c */; };
		38873EB41B48A85900CD51A1 /* Instructions.c in Sources */ = {isa = PBXBuildFile; fileRef = 38873EA81B48A85900CD51A1 /* Instructions.c */; };
		38873EB51B48A85900CD51A1 /* ModNES Cpu6502 status.txt in Resources */ = {isa = PBXBuildFile; fileRef = 38873EA91B48A85900CD51A1 /* ModNES Cpu6502 status.txt */; };
		38873EB61B48A85900CD51A1 /* nestest_disasm.c in Sources */ = {isa = PBXBuildFile; fileRef = 38873EAA1B48A85900CD51A1 /* nestest_disasm.c */; };
		38873EB71B48A85900CD51A1 /* MemoryAccess.c in Sources */ = {isa = PBXBuildFile; fileRef = 38873EAD1B48A85900CD51A1 /* MemoryAccess.c */; };
		38873EB81B48A85900CD51A1 /* Nes.c in Sources */ = {isa = PBXBuildFile; fileRef = 38873EAF1B48A85900CD51A1 /* Nes.c */; };
/* End PBXBuildFile section */

/* Begin PBXContainerItemProxy section */
		38752FCE1B07EE6100AC7CF4 /* PBXContainerItemProxy */ = {
			isa = PBXContainerItemProxy;
			containerPortal = 38752FA11B07EE6000AC7CF4 /* Project object */;
			proxyType = 1;
			remoteGlobalIDString = 38752FA81B07EE6100AC7CF4;
			remoteInfo = ModNES;
		};
/* End PBXContainerItemProxy section */

/* Begin PBXFileReference section */
		38752FA91B07EE6100AC7CF4 /* ModNES.app */ = {isa = PBXFileReference; explicitFileType = wrapper.application; includeInIndex = 0; path = ModNES.app; sourceTree = BUILT_PRODUCTS_DIR; };
		38752FAC1B07EE6100AC7CF4 /* Cocoa.framework */ = {isa = PBXFileReference; lastKnownFileType = wrapper.framework; name = Cocoa.framework; path = System/Library/Frameworks/Cocoa.framework; sourceTree = SDKROOT; };
		38752FAF1B07EE6100AC7CF4 /* AppKit.framework */ = {isa = PBXFileReference; lastKnownFileType = wrapper.framework; name = AppKit.framework; path = System/Library/Frameworks/AppKit.framework; sourceTree = SDKROOT; };
		38752FB01B07EE6100AC7CF4 /* CoreData.framework */ = {isa = PBXFileReference; lastKnownFileType = wrapper.framework; name = CoreData.framework; path = System/Library/Frameworks/CoreData.framework; sourceTree = SDKROOT; };
		38752FB11B07EE6100AC7CF4 /* Foundation.framework */ = {isa = PBXFileReference; lastKnownFileType = wrapper.framework; name = Foundation.framework; path = System/Library/Frameworks/Foundation.framework; sourceTree = SDKROOT; };
		38752FB41B07EE6100AC7CF4 /* ModNES-Info.plist */ = {isa = PBXFileReference; lastKnownFileType = text.plist.xml; path = "ModNES-Info.plist"; sourceTree = "<group>"; };
		38752FB61B07EE6100AC7CF4 /* en */ = {isa = PBXFileReference; lastKnownFileType = text.plist.strings; name = en; path = en.lproj/InfoPlist.strings; sourceTree = "<group>"; };
		38752FB81B07EE6100AC7CF4 /* main.m */ = {isa = PBXFileReference; lastKnownFileType = sourcecode.c.objc; path = main.m; sourceTree = "<group>"; };
		38752FBA1B07EE6100AC7CF4 /* ModNES-Prefix.pch */ = {isa = PBXFileReference; lastKnownFileType = sourcecode.c.h; path = "ModNES-Prefix.pch"; sourceTree = "<group>"; };
		38752FBC1B07EE6100AC7CF4 /* en */ = {isa = PBXFileReference; lastKnownFileType = text.rtf; name = en; path = en.lproj/Credits.rtf; sourceTree = "<group>"; };
		38752FC21B07EE6100AC7CF4 /* Base */ = {isa = PBXFileReference; lastKnownFileType = file.xib; name = Base; path = Base.lproj/MainMenu.xib; sourceTree = "<group>"; };
		38752FC41B07EE6100AC7CF4 /* Images.xcassets */ = {isa = PBXFileReference; lastKnownFileType = folder.assetcatalog; name = Images.xcassets; path = ModNES/Images.xcassets; sourceTree = "<group>"; };
		38752FCA1B07EE6100AC7CF4 /* ModNESTests.xctest */ = {isa = PBXFileReference; explicitFileType = wrapper.cfbundle; includeInIndex = 0; path = ModNESTests.xctest; sourceTree = BUILT_PRODUCTS_DIR; };
		38752FCB1B07EE6100AC7CF4 /* XCTest.framework */ = {isa = PBXFileReference; lastKnownFileType = wrapper.framework; name = XCTest.framework; path = Library/Frameworks/XCTest.framework; sourceTree = DEVELOPER_DIR; };
		38752FD21B07EE6100AC7CF4 /* ModNESTests-Info.plist */ = {isa = PBXFileReference; lastKnownFileType = text.plist.xml; name = "ModNESTests-Info.plist"; path = "ModNESTests/ModNESTests-Info.plist"; sourceTree = SOURCE_ROOT; };
		38752FD41B07EE6100AC7CF4 /* en */ = {isa = PBXFileReference; lastKnownFileType = text.plist.strings; name = en; path = en.lproj/InfoPlist.strings; sourceTree = "<group>"; };
		38752FD61B07EE6100AC7CF4 /* ModNESTests.m */ = {isa = PBXFileReference; lastKnownFileType = sourcecode.c.objc; path = ModNESTests.m; sourceTree = "<group>"; };
		38752FE01B07EEFC00AC7CF4 /* OpenGL.framework */ = {isa = PBXFileReference; lastKnownFileType = wrapper.framework; name = OpenGL.framework; path = System/Library/Frameworks/OpenGL.framework; sourceTree = SDKROOT; };
		38873EA41B48A85900CD51A1 /* Addressing.c */ = {isa = PBXFileReference; fileEncoding = 4; lastKnownFileType = sourcecode.c.c; path = Addressing.c; sourceTree = "<group>"; };
		38873EA51B48A85900CD51A1 /* Cpu6502.c */ = {isa = PBXFileReference; fileEncoding = 4; lastKnownFileType = sourcecode.c.c; path = Cpu6502.c; sourceTree = "<group>"; };
		38873EA61B48A85900CD51A1 /* Cpu6502.h */ = {isa = PBXFileReference; fileEncoding = 4; lastKnownFileType = sourcecode.c.h; path = Cpu6502.h; sourceTree = "<group>"; };
		38873EA71B48A85900CD51A1 /* CpuStep.c */ = {isa = PBXFileReference; fileEncoding = 4; lastKnownFileType = sourcecode.c.c; path = CpuStep.c; sourceTree = "<group>"; };
		38873EA81B48A85900CD51A1 /* Instructions.c */ = {isa = PBXFileReference; fileEncoding = 4; lastKnownFileType = sourcecode.c.c; path = Instructions.c; sourceTree = "<group>"; };
		38873EA91B48A85900CD51A1 /* ModNES Cpu6502 status.txt */ = {isa = PBXFileReference; fileEncoding = 4; lastKnownFileType = text; path = "ModNES Cpu6502 status.txt"; sourceTree = "<group>"; };
		38873EAA1B48A85900CD51A1 /* nestest_disasm.c */ = {isa = PBXFileReference; fileEncoding = 4; lastKnownFileType = sourcecode.c.c; path = nestest_disasm.c; sourceTree = "<group>"; };
		38873EAB1B48A85900CD51A1 /* Opcodes.h */ = {isa = PBXFileReference; fileEncoding = 4; lastKnownFileType = sourcecode.c.h; path = Opcodes.h; sourceTree = "<group>"; };
		38873EAC1B48A85900CD51A1 /* symbols.h */ = {isa = PBXFileReference; fileEncoding = 4; lastKnownFileType = sourcecode.c.h; path = symbols.h; sourceTree = "<group>"; };
		38873EAD1B48A85900CD51A1 /* MemoryAccess.c */ = {isa = PBXFileReference; fileEncoding = 4; lastKnownFileType = sourcecode.c.c; path = MemoryAccess.c; sourceTree = "<group>"; };
		38873EAE1B48A85900CD51A1 /* MemoryAccess.h */ = {isa = PBXFileReference; fileEncoding = 4; lastKnownFileType = sourcecode.c.h; path = MemoryAccess.h; sourceTree = "<group>"; };
		38873EAF1B48A85900CD51A1 /* Nes.c */ = {isa = PBXFileReference; fileEncoding = 4; lastKnownFileType = sourcecode.c.c; path = Nes.c; sourceTree = "<group>"; };
		38873EB01B48A85900CD51A1 /* Nes.h */ = {isa = PBXFileReference; fileEncoding = 4; lastKnownFileType = sourcecode.c.h; path = Nes.h; sourceTree = "<group>"; };
/* End PBXFileReference section */

/* Begin PBXFrameworksBuildPhase section */
		38752FA61B07EE6100AC7CF4 /* Frameworks */ = {
			isa = PBXFrameworksBuildPhase;
			buildActionMask = 2147483647;
			files = (
				38752FE11B07EEFC00AC7CF4 /* OpenGL.framework in Frameworks */,
				38752FAD1B07EE6100AC7CF4 /* Cocoa.framework in Frameworks */,
			);
			runOnlyForDeploymentPostprocessing = 0;
		};
		38752FC71B07EE6100AC7CF4 /* Frameworks */ = {
			isa = PBXFrameworksBuildPhase;
			buildActionMask = 2147483647;
			files = (
				38752FCD1B07EE6100AC7CF4 /* Cocoa.framework in Frameworks */,
				38752FCC1B07EE6100AC7CF4 /* XCTest.framework in Frameworks */,
			);
			runOnlyForDeploymentPostprocessing = 0;
		};
/* End PBXFrameworksBuildPhase section */

/* Begin PBXGroup section */
		38752FA01B07EE6000AC7CF4 = {
			isa = PBXGroup;
			children = (
				38873EA11B48A85900CD51A1 /* source */,
				38752FD01B07EE6100AC7CF4 /* ModNESTests */,
				38752FAB1B07EE6100AC7CF4 /* Frameworks */,
				38752FAA1B07EE6100AC7CF4 /* Products */,
				38752FD11B07EE6100AC7CF4 /* Supporting Files */,
				38752FC41B07EE6100AC7CF4 /* Images.xcassets */,
				38752FC11B07EE6100AC7CF4 /* MainMenu.xib */,
				38752FB31B07EE6100AC7CF4 /* Supporting Files */,
			);
			sourceTree = "<group>";
		};
		38752FAA1B07EE6100AC7CF4 /* Products */ = {
			isa = PBXGroup;
			children = (
				38752FA91B07EE6100AC7CF4 /* ModNES.app */,
				38752FCA1B07EE6100AC7CF4 /* ModNESTests.xctest */,
			);
			name = Products;
			sourceTree = "<group>";
		};
		38752FAB1B07EE6100AC7CF4 /* Frameworks */ = {
			isa = PBXGroup;
			children = (
				38752FE01B07EEFC00AC7CF4 /* OpenGL.framework */,
				38752FAC1B07EE6100AC7CF4 /* Cocoa.framework */,
				38752FCB1B07EE6100AC7CF4 /* XCTest.framework */,
				38752FAE1B07EE6100AC7CF4 /* Other Frameworks */,
			);
			name = Frameworks;
			sourceTree = "<group>";
		};
		38752FAE1B07EE6100AC7CF4 /* Other Frameworks */ = {
			isa = PBXGroup;
			children = (
				38752FAF1B07EE6100AC7CF4 /* AppKit.framework */,
				38752FB01B07EE6100AC7CF4 /* CoreData.framework */,
				38752FB11B07EE6100AC7CF4 /* Foundation.framework */,
			);
			name = "Other Frameworks";
			sourceTree = "<group>";
		};
		38752FB31B07EE6100AC7CF4 /* Supporting Files */ = {
			isa = PBXGroup;
			children = (
				38752FD21B07EE6100AC7CF4 /* ModNESTests-Info.plist */,
				38752FD31B07EE6100AC7CF4 /* InfoPlist.strings */,
				38752FB41B07EE6100AC7CF4 /* ModNES-Info.plist */,
				38752FB51B07EE6100AC7CF4 /* InfoPlist.strings */,
				38752FB81B07EE6100AC7CF4 /* main.m */,
				38752FBA1B07EE6100AC7CF4 /* ModNES-Prefix.pch */,
				38752FBB1B07EE6100AC7CF4 /* Credits.rtf */,
			);
			name = "Supporting Files";
			path = ModNES;
			sourceTree = "<group>";
		};
		38752FD01B07EE6100AC7CF4 /* ModNESTests */ = {
			isa = PBXGroup;
			children = (
				38752FD61B07EE6100AC7CF4 /* ModNESTests.m */,
			);
			path = ModNESTests;
			sourceTree = "<group>";
		};
		38752FD11B07EE6100AC7CF4 /* Supporting Files */ = {
			isa = PBXGroup;
			children = (
			);
			name = "Supporting Files";
			path = ModNESTests;
			sourceTree = "<group>";
		};
		38873EA11B48A85900CD51A1 /* source */ = {
			isa = PBXGroup;
			children = (
				38873EA21B48A85900CD51A1 /* Nes */,
			);
			path = source;
			sourceTree = "<group>";
		};
		38873EA21B48A85900CD51A1 /* Nes */ = {
			isa = PBXGroup;
			children = (
				38873EAD1B48A85900CD51A1 /* MemoryAccess.c */,
				38873EAE1B48A85900CD51A1 /* MemoryAccess.h */,
				38873EAF1B48A85900CD51A1 /* Nes.c */,
				38873EB01B48A85900CD51A1 /* Nes.h */,
				38873EA31B48A85900CD51A1 /* Cpu6502 */,
			);
			path = Nes;
			sourceTree = "<group>";
		};
		38873EA31B48A85900CD51A1 /* Cpu6502 */ = {
			isa = PBXGroup;
			children = (
				38873EA41B48A85900CD51A1 /* Addressing.c */,
				38873EA51B48A85900CD51A1 /* Cpu6502.c */,
				38873EA61B48A85900CD51A1 /* Cpu6502.h */,
				38873EA71B48A85900CD51A1 /* CpuStep.c */,
				38873EA81B48A85900CD51A1 /* Instructions.c */,
				38873EA91B48A85900CD51A1 /* ModNES Cpu6502 status.txt */,
				38873EAA1B48A85900CD51A1 /* nestest_disasm.c */,
				38873EAB1B48A85900CD51A1 /* Opcodes.h */,
				38873EAC1B48A85900CD51A1 /* symbols.h */,
			);
			path = Cpu6502;
			sourceTree = "<group>";
		};
/* End PBXGroup section */

/* Begin PBXNativeTarget section */
		38752FA81B07EE6100AC7CF4 /* ModNES */ = {
			isa = PBXNativeTarget;
			buildConfigurationList = 38752FDA1B07EE6100AC7CF4 /* Build configuration list for PBXNativeTarget "ModNES" */;
			buildPhases = (
				38752FA51B07EE6100AC7CF4 /* Sources */,
				38752FA61B07EE6100AC7CF4 /* Frameworks */,
				38752FA71B07EE6100AC7CF4 /* Resources */,
			);
			buildRules = (
			);
			dependencies = (
			);
			name = ModNES;
			productName = ModNES;
			productReference = 38752FA91B07EE6100AC7CF4 /* ModNES.app */;
			productType = "com.apple.product-type.application";
		};
		38752FC91B07EE6100AC7CF4 /* ModNESTests */ = {
			isa = PBXNativeTarget;
			buildConfigurationList = 38752FDD1B07EE6100AC7CF4 /* Build configuration list for PBXNativeTarget "ModNESTests" */;
			buildPhases = (
				38752FC61B07EE6100AC7CF4 /* Sources */,
				38752FC71B07EE6100AC7CF4 /* Frameworks */,
				38752FC81B07EE6100AC7CF4 /* Resources */,
			);
			buildRules = (
			);
			dependencies = (
				38752FCF1B07EE6100AC7CF4 /* PBXTargetDependency */,
			);
			name = ModNESTests;
			productName = ModNESTests;
			productReference = 38752FCA1B07EE6100AC7CF4 /* ModNESTests.xctest */;
			productType = "com.apple.product-type.bundle.unit-test";
		};
/* End PBXNativeTarget section */

/* Begin PBXProject section */
		38752FA11B07EE6000AC7CF4 /* Project object */ = {
			isa = PBXProject;
			attributes = {
				LastUpgradeCheck = 0510;
				ORGANIZATIONNAME = Petruza;
				TargetAttributes = {
					38752FC91B07EE6100AC7CF4 = {
						TestTargetID = 38752FA81B07EE6100AC7CF4;
					};
				};
			};
			buildConfigurationList = 38752FA41B07EE6000AC7CF4 /* Build configuration list for PBXProject "ModNES" */;
			compatibilityVersion = "Xcode 3.2";
			developmentRegion = English;
			hasScannedForEncodings = 0;
			knownRegions = (
				en,
				Base,
			);
			mainGroup = 38752FA01B07EE6000AC7CF4;
			productRefGroup = 38752FAA1B07EE6100AC7CF4 /* Products */;
			projectDirPath = "";
			projectRoot = "";
			targets = (
				38752FA81B07EE6100AC7CF4 /* ModNES */,
				38752FC91B07EE6100AC7CF4 /* ModNESTests */,
			);
		};
/* End PBXProject section */

/* Begin PBXResourcesBuildPhase section */
		38752FA71B07EE6100AC7CF4 /* Resources */ = {
			isa = PBXResourcesBuildPhase;
			buildActionMask = 2147483647;
			files = (
				38752FB71B07EE6100AC7CF4 /* InfoPlist.strings in Resources */,
				38752FC51B07EE6100AC7CF4 /* Images.xcassets in Resources */,
				38752FBD1B07EE6100AC7CF4 /* Credits.rtf in Resources */,
				38873EB51B48A85900CD51A1 /* ModNES Cpu6502 status.txt in Resources */,
				38752FC31B07EE6100AC7CF4 /* MainMenu.xib in Resources */,
			);
			runOnlyForDeploymentPostprocessing = 0;
		};
		38752FC81B07EE6100AC7CF4 /* Resources */ = {
			isa = PBXResourcesBuildPhase;
			buildActionMask = 2147483647;
			files = (
				38752FD51B07EE6100AC7CF4 /* InfoPlist.strings in Resources */,
			);
			runOnlyForDeploymentPostprocessing = 0;
		};
/* End PBXResourcesBuildPhase section */

/* Begin PBXSourcesBuildPhase section */
		38752FA51B07EE6100AC7CF4 /* Sources */ = {
			isa = PBXSourcesBuildPhase;
			buildActionMask = 2147483647;
			files = (
				38752FB91B07EE6100AC7CF4 /* main.m in Sources */,
				38873EB71B48A85900CD51A1 /* MemoryAccess.c in Sources */,
				38873EB21B48A85900CD51A1 /* Cpu6502.c in Sources */,
				38873EB31B48A85900CD51A1 /* CpuStep.c in Sources */,
				38873EB81B48A85900CD51A1 /* Nes.c in Sources */,
				38873EB61B48A85900CD51A1 /* nestest_disasm.c in Sources */,
				38873EB41B48A85900CD51A1 /* Instructions.c in Sources */,
				38873EB11B48A85900CD51A1 /* Addressing.c in Sources */,
			);
			runOnlyForDeploymentPostprocessing = 0;
		};
		38752FC61B07EE6100AC7CF4 /* Sources */ = {
			isa = PBXSourcesBuildPhase;
			buildActionMask = 2147483647;
			files = (
				38752FD71B07EE6100AC7CF4 /* ModNESTests.m in Sources */,
			);
			runOnlyForDeploymentPostprocessing = 0;
		};
/* End PBXSourcesBuildPhase section */

/* Begin PBXTargetDependency section */
		38752FCF1B07EE6100AC7CF4 /* PBXTargetDependency */ = {
			isa = PBXTargetDependency;
			target = 38752FA81B07EE6100AC7CF4 /* ModNES */;
			targetProxy = 38752FCE1B07EE6100AC7CF4 /* PBXContainerItemProxy */;
		};
/* End PBXTargetDependency section */

/* Begin PBXVariantGroup section */
		38752FB51B07EE6100AC7CF4 /* InfoPlist.strings */ = {
			isa = PBXVariantGroup;
			children = (
				38752FB61B07EE6100AC7CF4 /* en */,
			);
			name = InfoPlist.strings;
			sourceTree = "<group>";
		};
		38752FBB1B07EE6100AC7CF4 /* Credits.rtf */ = {
			isa = PBXVariantGroup;
			children = (
				38752FBC1B07EE6100AC7CF4 /* en */,
			);
			name = Credits.rtf;
			sourceTree = "<group>";
		};
		38752FC11B07EE6100AC7CF4 /* MainMenu.xib */ = {
			isa = PBXVariantGroup;
			children = (
				38752FC21B07EE6100AC7CF4 /* Base */,
			);
			name = MainMenu.xib;
			path = ModNES;
			sourceTree = "<group>";
		};
		38752FD31B07EE6100AC7CF4 /* InfoPlist.strings */ = {
			isa = PBXVariantGroup;
			children = (
				38752FD41B07EE6100AC7CF4 /* en */,
			);
			name = InfoPlist.strings;
			path = ModNESTests;
			sourceTree = SOURCE_ROOT;
		};
/* End PBXVariantGroup section */

/* Begin XCBuildConfiguration section */
		38752FD81B07EE6100AC7CF4 /* Debug */ = {
			isa = XCBuildConfiguration;
			buildSettings = {
				ALWAYS_SEARCH_USER_PATHS = NO;
				CLANG_CXX_LANGUAGE_STANDARD = "gnu++0x";
				CLANG_CXX_LIBRARY = "libc++";
				CLANG_ENABLE_MODULES = YES;
				CLANG_ENABLE_OBJC_ARC = YES;
				CLANG_WARN_BOOL_CONVERSION = YES;
				CLANG_WARN_CONSTANT_CONVERSION = YES;
				CLANG_WARN_DIRECT_OBJC_ISA_USAGE = YES_ERROR;
				CLANG_WARN_EMPTY_BODY = YES;
				CLANG_WARN_ENUM_CONVERSION = YES;
				CLANG_WARN_INT_CONVERSION = YES;
				CLANG_WARN_OBJC_ROOT_CLASS = YES_ERROR;
				CLANG_WARN__DUPLICATE_METHOD_MATCH = YES;
				COPY_PHASE_STRIP = NO;
				GCC_C_LANGUAGE_STANDARD = gnu99;
				GCC_DYNAMIC_NO_PIC = NO;
				GCC_ENABLE_OBJC_EXCEPTIONS = YES;
				GCC_OPTIMIZATION_LEVEL = 0;
				GCC_PREPROCESSOR_DEFINITIONS = (
					"DEBUG=1",
					"$(inherited)",
				);
				GCC_SYMBOLS_PRIVATE_EXTERN = NO;
				GCC_WARN_64_TO_32_BIT_CONVERSION = YES;
				GCC_WARN_ABOUT_RETURN_TYPE = YES_ERROR;
				GCC_WARN_UNDECLARED_SELECTOR = YES;
				GCC_WARN_UNINITIALIZED_AUTOS = YES_AGGRESSIVE;
				GCC_WARN_UNUSED_FUNCTION = YES;
				GCC_WARN_UNUSED_VARIABLE = YES;
				MACOSX_DEPLOYMENT_TARGET = 10.8;
				ONLY_ACTIVE_ARCH = YES;
				SDKROOT = macosx;
			};
			name = Debug;
		};
		38752FD91B07EE6100AC7CF4 /* Release */ = {
			isa = XCBuildConfiguration;
			buildSettings = {
				ALWAYS_SEARCH_USER_PATHS = NO;
				CLANG_CXX_LANGUAGE_STANDARD = "gnu++0x";
				CLANG_CXX_LIBRARY = "libc++";
				CLANG_ENABLE_MODULES = YES;
				CLANG_ENABLE_OBJC_ARC = YES;
				CLANG_WARN_BOOL_CONVERSION = YES;
				CLANG_WARN_CONSTANT_CONVERSION = YES;
				CLANG_WARN_DIRECT_OBJC_ISA_USAGE = YES_ERROR;
				CLANG_WARN_EMPTY_BODY = YES;
				CLANG_WARN_ENUM_CONVERSION = YES;
				CLANG_WARN_INT_CONVERSION = YES;
				CLANG_WARN_OBJC_ROOT_CLASS = YES_ERROR;
				CLANG_WARN__DUPLICATE_METHOD_MATCH = YES;
				COPY_PHASE_STRIP = YES;
				DEBUG_INFORMATION_FORMAT = "dwarf-with-dsym";
				ENABLE_NS_ASSERTIONS = NO;
				GCC_C_LANGUAGE_STANDARD = gnu99;
				GCC_ENABLE_OBJC_EXCEPTIONS = YES;
				GCC_WARN_64_TO_32_BIT_CONVERSION = YES;
				GCC_WARN_ABOUT_RETURN_TYPE = YES_ERROR;
				GCC_WARN_UNDECLARED_SELECTOR = YES;
				GCC_WARN_UNINITIALIZED_AUTOS = YES_AGGRESSIVE;
				GCC_WARN_UNUSED_FUNCTION = YES;
				GCC_WARN_UNUSED_VARIABLE = YES;
				MACOSX_DEPLOYMENT_TARGET = 10.8;
				SDKROOT = macosx;
			};
			name = Release;
		};
		38752FDB1B07EE6100AC7CF4 /* Debug */ = {
			isa = XCBuildConfiguration;
			buildSettings = {
				ASSETCATALOG_COMPILER_APPICON_NAME = AppIcon;
				COMBINE_HIDPI_IMAGES = YES;
				GCC_PRECOMPILE_PREFIX_HEADER = YES;
				GCC_PREFIX_HEADER = "ModNES/ModNES-Prefix.pch";
				GCC_PREPROCESSOR_DEFINITIONS = (
					"DEBUG=1",
					"$(inherited)",
					_Cpu6502_DisassemblerNO,
				);
				GCC_WARN_UNUSED_FUNCTION = NO;
				GCC_WARN_UNUSED_VALUE = NO;
				GCC_WARN_UNUSED_VARIABLE = NO;
				INFOPLIST_FILE = "ModNES/ModNES-Info.plist";
				PRODUCT_NAME = "$(TARGET_NAME)";
				WRAPPER_EXTENSION = app;
			};
			name = Debug;
		};
		38752FDC1B07EE6100AC7CF4 /* Release */ = {
			isa = XCBuildConfiguration;
			buildSettings = {
				ASSETCATALOG_COMPILER_APPICON_NAME = AppIcon;
				COMBINE_HIDPI_IMAGES = YES;
				GCC_PRECOMPILE_PREFIX_HEADER = YES;
				GCC_PREFIX_HEADER = "ModNES/ModNES-Prefix.pch";
				GCC_WARN_UNUSED_FUNCTION = NO;
				GCC_WARN_UNUSED_VALUE = NO;
				GCC_WARN_UNUSED_VARIABLE = NO;
				INFOPLIST_FILE = "ModNES/ModNES-Info.plist";
				PRODUCT_NAME = "$(TARGET_NAME)";
				WRAPPER_EXTENSION = app;
			};
			name = Release;
		};
		38752FDE1B07EE6100AC7CF4 /* Debug */ = {
			isa = XCBuildConfiguration;
			buildSettings = {
				BUNDLE_LOADER = "$(BUILT_PRODUCTS_DIR)/ModNES.app/Contents/MacOS/ModNES";
				COMBINE_HIDPI_IMAGES = YES;
				FRAMEWORK_SEARCH_PATHS = (
					"$(DEVELOPER_FRAMEWORKS_DIR)",
					"$(inherited)",
				);
				GCC_PRECOMPILE_PREFIX_HEADER = YES;
				GCC_PREFIX_HEADER = "ModNES/ModNES-Prefix.pch";
				GCC_PREPROCESSOR_DEFINITIONS = (
					"DEBUG=1",
					"$(inherited)",
				);
				INFOPLIST_FILE = "ModNESTests/ModNESTests-Info.plist";
				PRODUCT_NAME = "$(TARGET_NAME)";
				TEST_HOST = "$(BUNDLE_LOADER)";
				WRAPPER_EXTENSION = xctest;
			};
			name = Debug;
		};
		38752FDF1B07EE6100AC7CF4 /* Release */ = {
			isa = XCBuildConfiguration;
			buildSettings = {
				BUNDLE_LOADER = "$(BUILT_PRODUCTS_DIR)/ModNES.app/Contents/MacOS/ModNES";
				COMBINE_HIDPI_IMAGES = YES;
				FRAMEWORK_SEARCH_PATHS = (
					"$(DEVELOPER_FRAMEWORKS_DIR)",
					"$(inherited)",
				);
				GCC_PRECOMPILE_PREFIX_HEADER = YES;
				GCC_PREFIX_HEADER = "ModNES/ModNES-Prefix.pch";
				INFOPLIST_FILE = "ModNESTests/ModNESTests-Info.plist";
				PRODUCT_NAME = "$(TARGET_NAME)";
				TEST_HOST = "$(BUNDLE_LOADER)";
				WRAPPER_EXTENSION = xctest;
			};
			name = Release;
		};
/* End XCBuildConfiguration section */

/* Begin XCConfigurationList section */
		38752FA41B07EE6000AC7CF4 /* Build configuration list for PBXProject "ModNES" */ = {
			isa = XCConfigurationList;
			buildConfigurations = (
				38752FD81B07EE6100AC7CF4 /* Debug */,
				38752FD91B07EE6100AC7CF4 /* Release */,
			);
			defaultConfigurationIsVisible = 0;
			defaultConfigurationName = Release;
		};
		38752FDA1B07EE6100AC7CF4 /* Build configuration list for PBXNativeTarget "ModNES" */ = {
			isa = XCConfigurationList;
			buildConfigurations = (
				38752FDB1B07EE6100AC7CF4 /* Debug */,
				38752FDC1B07EE6100AC7CF4 /* Release */,
			);
			defaultConfigurationIsVisible = 0;
			defaultConfigurationName = Release;
		};
		38752FDD1B07EE6100AC7CF4 /* Build configuration list for PBXNativeTarget "ModNESTests" */ = {
			isa = XCConfigurationList;
			buildConfigurations = (
				38752FDE1B07EE6100AC7CF4 /* Debug */,
				38752FDF1B07EE6100AC7CF4 /* Release */,
			);
			defaultConfigurationIsVisible = 0;
			defaultConfigurationName = Release;
		};
/* End XCConfigurationList section */
	};
	rootObject = 38752FA11B07EE6000AC7CF4 /* Project object */;
}
